
Microsoft Visual Studio Solution File, Format Version 12.00
# Visual Studio Version 16
VisualStudioVersion = 17.0.31611.283
MinimumVisualStudioVersion = 10.0.40219.1
Project("{9A19103F-16F7-4668-BE54-9A1E7A4F7556}") = "TDDMAUI", "TDDMAUI.csproj", "{DDB893B9-5780-412A-8442-452C8B2D142D}"
EndProject
Project("{FAE04EC0-301F-11D3-BF4B-00C04F79EFBC}") = "TDDMAUI.UnitTests", "..\TDDMAUI.UnitTests\TDDMAUI.UnitTests.csproj", "{54A45205-5AF2-448C-A1AC-29FCE23F075E}"
EndProject
Global
	GlobalSection(SolutionConfigurationPlatforms) = preSolution
		Debug|Any CPU = Debug|Any CPU
		Release|Any CPU = Release|Any CPU
	EndGlobalSection
	GlobalSection(ProjectConfigurationPlatforms) = postSolution
		{DDB893B9-5780-412A-8442-452C8B2D142D}.Debug|Any CPU.ActiveCfg = Debug|Any CPU
		{DDB893B9-5780-412A-8442-452C8B2D142D}.Debug|Any CPU.Build.0 = Debug|Any CPU
		{DDB893B9-5780-412A-8442-452C8B2D142D}.Debug|Any CPU.Deploy.0 = Debug|Any CPU
		{DDB893B9-5780-412A-8442-452C8B2D142D}.Release|Any CPU.ActiveCfg = Release|Any CPU
		{DDB893B9-5780-412A-8442-452C8B2D142D}.Release|Any CPU.Build.0 = Release|Any CPU
		{DDB893B9-5780-412A-8442-452C8B2D142D}.Release|Any CPU.Deploy.0 = Release|Any CPU
		{54A45205-5AF2-448C-A1AC-29FCE23F075E}.Debug|Any CPU.ActiveCfg = Debug|Any CPU
		{54A45205-5AF2-448C-A1AC-29FCE23F075E}.Debug|Any CPU.Build.0 = Debug|Any CPU
		{54A45205-5AF2-448C-A1AC-29FCE23F075E}.Release|Any CPU.ActiveCfg = Release|Any CPU
		{54A45205-5AF2-448C-A1AC-29FCE23F075E}.Release|Any CPU.Build.0 = Release|Any CPU
	EndGlobalSection
	GlobalSection(SolutionProperties) = preSolution
		HideSolutionNode = FALSE
	EndGlobalSection
	GlobalSection(ExtensibilityGlobals) = postSolution
		SolutionGuid = {61F7FB11-1E47-470C-91E2-47F8143E1572}
	EndGlobalSection
EndGlobal
